PODS:
  - CouchbaseLite (3.2.1)
  - dot_flutter (1.0.9):
    - Flutter
    - RW (~> 1.1.57)
  - Flutter (1.0.0)
  - RW (1.1.57):
    - CouchbaseLite
  - url_launcher_ios (0.0.1):
    - Flutter

DEPENDENCIES:
  - dot_flutter (from `.symlinks/plugins/dot_flutter/ios`)
  - Flutter (from `Flutter`)
  - url_launcher_ios (from `.symlinks/plugins/url_launcher_ios/ios`)

SPEC REPOS:
  trunk:
    - CouchbaseLite
    - RW

EXTERNAL SOURCES:
  dot_flutter:
    :path: ".symlinks/plugins/dot_flutter/ios"
  Flutter:
    :path: Flutter
  url_launcher_ios:
    :path: ".symlinks/plugins/url_launcher_ios/ios"

SPEC CHECKSUMS:
  CouchbaseLite: 1f79dabde5705d0356ccbee79c27daab0c0f4ca3
  dot_flutter: 583d71d18c5e1592bfe923d94532fed7b3f28785
  Flutter: f04841e97a9d0b0a8025694d0796dd46242b2854
  RW: 71dfc743c16757bb1194e987944ec50cdc8e5b94
  url_launcher_ios: 08a3dfac5fb39e8759aeb0abbd5d9480f30fc8b4

PODFILE CHECKSUM: eb1a9d25647538ec3c56a3050fdbd3c9cc1dd027

COCOAPODS: 1.15.2
